// !$*UTF8*$!
{
	archiveVersion = 1;
	classes = {
	};
	objectVersion = 50;
	objects = {

/* Begin PBXBuildFile section */
		A33488CB267003930057D331 /* MusicBookView.swift in Sources */ = {isa = PBXBuildFile; fileRef = A33488CA267003920057D331 /* MusicBookView.swift */; };
		A33488CD267007D40057D331 /* CustomView.swift in Sources */ = {isa = PBXBuildFile; fileRef = A33488CC267007D30057D331 /* CustomView.swift */; };
		A3742DEB266791EA00741717 /* New_Apostolic_ChurchApp.swift in Sources */ = {isa = PBXBuildFile; fileRef = A3742DEA266791EA00741717 /* New_Apostolic_ChurchApp.swift */; };
		A3742DED266791EA00741717 /* ContentView.swift in Sources */ = {isa = PBXBuildFile; fileRef = A3742DEC266791EA00741717 /* ContentView.swift */; };
		A3742DEF266791FE00741717 /* Assets.xcassets in Resources */ = {isa = PBXBuildFile; fileRef = A3742DEE266791FE00741717 /* Assets.xcassets */; };
		A3742DF2266791FE00741717 /* Preview Assets.xcassets in Resources */ = {isa = PBXBuildFile; fileRef = A3742DF1266791FE00741717 /* Preview Assets.xcassets */; };
		A3742DFD2667994200741717 /* HomeView.swift in Sources */ = {isa = PBXBuildFile; fileRef = A3742DFC2667994100741717 /* HomeView.swift */; };
		A3742DFF2667AD0400741717 /* WordOfTheMonthView.swift in Sources */ = {isa = PBXBuildFile; fileRef = A3742DFE2667AD0400741717 /* WordOfTheMonthView.swift */; };
/* End PBXBuildFile section */

/* Begin PBXFileReference section */
		A33488CA267003920057D331 /* MusicBookView.swift */ = {isa = PBXFileReference; lastKnownFileType = sourcecode.swift; path = MusicBookView.swift; sourceTree = "<group>"; };
		A33488CC267007D30057D331 /* CustomView.swift */ = {isa = PBXFileReference; lastKnownFileType = sourcecode.swift; path = CustomView.swift; sourceTree = "<group>"; };
		A3742DE7266791E900741717 /* New Apostolic Church.app */ = {isa = PBXFileReference; explicitFileType = wrapper.application; includeInIndex = 0; path = "New Apostolic Church.app"; sourceTree = BUILT_PRODUCTS_DIR; };
		A3742DEA266791EA00741717 /* New_Apostolic_ChurchApp.swift */ = {isa = PBXFileReference; lastKnownFileType = sourcecode.swift; path = New_Apostolic_ChurchApp.swift; sourceTree = "<group>"; };
		A3742DEC266791EA00741717 /* ContentView.swift */ = {isa = PBXFileReference; lastKnownFileType = sourcecode.swift; path = ContentView.swift; sourceTree = "<group>"; };
		A3742DEE266791FE00741717 /* Assets.xcassets */ = {isa = PBXFileReference; lastKnownFileType = folder.assetcatalog; path = Assets.xcassets; sourceTree = "<group>"; };
		A3742DF1266791FE00741717 /* Preview Assets.xcassets */ = {isa = PBXFileReference; lastKnownFileType = folder.assetcatalog; path = "Preview Assets.xcassets"; sourceTree = "<group>"; };
		A3742DF3266791FE00741717 /* Info.plist */ = {isa = PBXFileReference; lastKnownFileType = text.plist.xml; path = Info.plist; sourceTree = "<group>"; };
		A3742DFC2667994100741717 /* HomeView.swift */ = {isa = PBXFileReference; lastKnownFileType = sourcecode.swift; path = HomeView.swift; sourceTree = "<group>"; };
		A3742DFE2667AD0400741717 /* WordOfTheMonthView.swift */ = {isa = PBXFileReference; lastKnownFileType = sourcecode.swift; path = WordOfTheMonthView.swift; sourceTree = "<group>"; };
/* End PBXFileReference section */

/* Begin PBXFrameworksBuildPhase section */
		A3742DE4266791E900741717 /* Frameworks */ = {
			isa = PBXFrameworksBuildPhase;
			buildActionMask = 2147483647;
			files = (
			);
			runOnlyForDeploymentPostprocessing = 0;
		};
/* End PBXFrameworksBuildPhase section */

/* Begin PBXGroup section */
		A3742DDE266791E800741717 = {
			isa = PBXGroup;
			children = (
				A3742DE9266791E900741717 /* New Apostolic Church */,
				A3742DE8266791E900741717 /* Products */,
			);
			sourceTree = "<group>";
		};
		A3742DE8266791E900741717 /* Products */ = {
			isa = PBXGroup;
			children = (
				A3742DE7266791E900741717 /* New Apostolic Church.app */,
			);
			name = Products;
			sourceTree = "<group>";
		};
		A3742DE9266791E900741717 /* New Apostolic Church */ = {
			isa = PBXGroup;
			children = (
				A3742DF92667931A00741717 /* Views */,
				A3742DEA266791EA00741717 /* New_Apostolic_ChurchApp.swift */,
				A3742DEC266791EA00741717 /* ContentView.swift */,
				A3742DEE266791FE00741717 /* Assets.xcassets */,
				A3742DF3266791FE00741717 /* Info.plist */,
				A3742DF0266791FE00741717 /* Preview Content */,
			);
			path = "New Apostolic Church";
			sourceTree = "<group>";
		};
		A3742DF0266791FE00741717 /* Preview Content */ = {
			isa = PBXGroup;
			children = (
				A3742DF1266791FE00741717 /* Preview Assets.xcassets */,
			);
			path = "Preview Content";
			sourceTree = "<group>";
		};
		A3742DF92667931A00741717 /* Views */ = {
			isa = PBXGroup;
			children = (
				A3742DFC2667994100741717 /* HomeView.swift */,
				A3742DFE2667AD0400741717 /* WordOfTheMonthView.swift */,
				A33488CA267003920057D331 /* MusicBookView.swift */,
				A33488CC267007D30057D331 /* CustomView.swift */,
			);
			name = Views;
			path = "New Group";
			sourceTree = "<group>";
		};
/* End PBXGroup section */

/* Begin PBXNativeTarget section */
		A3742DE6266791E900741717 /* New Apostolic Church */ = {
			isa = PBXNativeTarget;
			buildConfigurationList = A3742DF6266791FE00741717 /* Build configuration list for PBXNativeTarget "New Apostolic Church" */;
			buildPhases = (
				A3742DE3266791E900741717 /* Sources */,
				A3742DE4266791E900741717 /* Frameworks */,
				A3742DE5266791E900741717 /* Resources */,
			);
			buildRules = (
			);
			dependencies = (
			);
			name = "New Apostolic Church";
			productName = "New Apostolic Church";
			productReference = A3742DE7266791E900741717 /* New Apostolic Church.app */;
			productType = "com.apple.product-type.application";
		};
/* End PBXNativeTarget section */

/* Begin PBXProject section */
		A3742DDF266791E800741717 /* Project object */ = {
			isa = PBXProject;
			attributes = {
				LastSwiftUpdateCheck = 1250;
				LastUpgradeCheck = 1250;
				TargetAttributes = {
					A3742DE6266791E900741717 = {
						CreatedOnToolsVersion = 12.5;
					};
				};
			};
			buildConfigurationList = A3742DE2266791E900741717 /* Build configuration list for PBXProject "New Apostolic Church" */;
			compatibilityVersion = "Xcode 9.3";
			developmentRegion = en;
			hasScannedForEncodings = 0;
			knownRegions = (
				en,
				Base,
			);
			mainGroup = A3742DDE266791E800741717;
			productRefGroup = A3742DE8266791E900741717 /* Products */;
			projectDirPath = "";
			projectRoot = "";
			targets = (
				A3742DE6266791E900741717 /* New Apostolic Church */,
			);
		};
/* End PBXProject section */

/* Begin PBXResourcesBuildPhase section */
		A3742DE5266791E900741717 /* Resources */ = {
			isa = PBXResourcesBuildPhase;
			buildActionMask = 2147483647;
			files = (
				A3742DF2266791FE00741717 /* Preview Assets.xcassets in Resources */,
				A3742DEF266791FE00741717 /* Assets.xcassets in Resources */,
			);
			runOnlyForDeploymentPostprocessing = 0;
		};
/* End PBXResourcesBuildPhase section */

/* Begin PBXSourcesBuildPhase section */
		A3742DE3266791E900741717 /* Sources */ = {
			isa = PBXSourcesBuildPhase;
			buildActionMask = 2147483647;
			files = (
				A3742DFD2667994200741717 /* HomeView.swift in Sources */,
				A33488CB267003930057D331 /* MusicBookView.swift in Sources */,
				A3742DED266791EA00741717 /* ContentView.swift in Sources */,
				A33488CD267007D40057D331 /* CustomView.swift in Sources */,
				A3742DFF2667AD0400741717 /* WordOfTheMonthView.swift in Sources */,
				A3742DEB266791EA00741717 /* New_Apostolic_ChurchApp.swift in Sources */,
			);
			runOnlyForDeploymentPostprocessing = 0;
		};
/* End PBXSourcesBuildPhase section */

/* Begin XCBuildConfiguration section */
		A3742DF4266791FE00741717 /* Debug */ = {
			isa = XCBuildConfiguration;
			buildSettings = {
				ALWAYS_SEARCH_USER_PATHS = NO;
				CLANG_ANALYZER_NONNULL = YES;
				CLANG_ANALYZER_NUMBER_OBJECT_CONVERSION = YES_AGGRESSIVE;
				CLANG_CXX_LANGUAGE_STANDARD = "gnu++14";
				CLANG_CXX_LIBRARY = "libc++";
				CLANG_ENABLE_MODULES = YES;
				CLANG_ENABLE_OBJC_ARC = YES;
				CLANG_ENABLE_OBJC_WEAK = YES;
				CLANG_WARN_BLOCK_CAPTURE_AUTORELEASING = YES;
				CLANG_WARN_BOOL_CONVERSION = YES;
				CLANG_WARN_COMMA = YES;
				CLANG_WARN_CONSTANT_CONVERSION = YES;
				CLANG_WARN_DEPRECATED_OBJC_IMPLEMENTATIONS = YES;
				CLANG_WARN_DIRECT_OBJC_ISA_USAGE = YES_ERROR;
				CLANG_WARN_DOCUMENTATION_COMMENTS = YES;
				CLANG_WARN_EMPTY_BODY = YES;
				CLANG_WARN_ENUM_CONVERSION = YES;
				CLANG_WARN_INFINITE_RECURSION = YES;
				CLANG_WARN_INT_CONVERSION = YES;
				CLANG_WARN_NON_LITERAL_NULL_CONVERSION = YES;
				CLANG_WARN_OBJC_IMPLICIT_RETAIN_SELF = YES;
				CLANG_WARN_OBJC_LITERAL_CONVERSION = YES;
				CLANG_WARN_OBJC_ROOT_CLASS = YES_ERROR;
				CLANG_WARN_QUOTED_INCLUDE_IN_FRAMEWORK_HEADER = YES;
				CLANG_WARN_RANGE_LOOP_ANALYSIS = YES;
				CLANG_WARN_STRICT_PROTOTYPES = YES;
				CLANG_WARN_SUSPICIOUS_MOVE = YES;
				CLANG_WARN_UNGUARDED_AVAILABILITY = YES_AGGRESSIVE;
				CLANG_WARN_UNREACHABLE_CODE = YES;
				CLANG_WARN__DUPLICATE_METHOD_MATCH = YES;
				COPY_PHASE_STRIP = NO;
				DEBUG_INFORMATION_FORMAT = dwarf;
				ENABLE_STRICT_OBJC_MSGSEND = YES;
				ENABLE_TESTABILITY = YES;
				GCC_C_LANGUAGE_STANDARD = gnu11;
				GCC_DYNAMIC_NO_PIC = NO;
				GCC_NO_COMMON_BLOCKS = YES;
				GCC_OPTIMIZATION_LEVEL = 0;
				GCC_PREPROCESSOR_DEFINITIONS = (
					"DEBUG=1",
					"$(inherited)",
				);
				GCC_WARN_64_TO_32_BIT_CONVERSION = YES;
				GCC_WARN_ABOUT_RETURN_TYPE = YES_ERROR;
				GCC_WARN_UNDECLARED_SELECTOR = YES;
				GCC_WARN_UNINITIALIZED_AUTOS = YES_AGGRESSIVE;
				GCC_WARN_UNUSED_FUNCTION = YES;
				GCC_WARN_UNUSED_VARIABLE = YES;
				IPHONEOS_DEPLOYMENT_TARGET = 14.5;
				MTL_ENABLE_DEBUG_INFO = INCLUDE_SOURCE;
				MTL_FAST_MATH = YES;
				ONLY_ACTIVE_ARCH = YES;
				SDKROOT = iphoneos;
				SWIFT_ACTIVE_COMPILATION_CONDITIONS = DEBUG;
				SWIFT_OPTIMIZATION_LEVEL = "-Onone";
			};
			name = Debug;
		};
		A3742DF5266791FE00741717 /* Release */ = {
			isa = XCBuildConfiguration;
			buildSettings = {
				ALWAYS_SEARCH_USER_PATHS = NO;
				CLANG_ANALYZER_NONNULL = YES;
				CLANG_ANALYZER_NUMBER_OBJECT_CONVERSION = YES_AGGRESSIVE;
				CLANG_CXX_LANGUAGE_STANDARD = "gnu++14";
				CLANG_CXX_LIBRARY = "libc++";
				CLANG_ENABLE_MODULES = YES;
				CLANG_ENABLE_OBJC_ARC = YES;
				CLANG_ENABLE_OBJC_WEAK = YES;
				CLANG_WARN_BLOCK_CAPTURE_AUTORELEASING = YES;
				CLANG_WARN_BOOL_CONVERSION = YES;
				CLANG_WARN_COMMA = YES;
				CLANG_WARN_CONSTANT_CONVERSION = YES;
				CLANG_WARN_DEPRECATED_OBJC_IMPLEMENTATIONS = YES;
				CLANG_WARN_DIRECT_OBJC_ISA_USAGE = YES_ERROR;
				CLANG_WARN_DOCUMENTATION_COMMENTS = YES;
				CLANG_WARN_EMPTY_BODY = YES;
				CLANG_WARN_ENUM_CONVERSION = YES;
				CLANG_WARN_INFINITE_RECURSION = YES;
				CLANG_WARN_INT_CONVERSION = YES;
				CLANG_WARN_NON_LITERAL_NULL_CONVERSION = YES;
				CLANG_WARN_OBJC_IMPLICIT_RETAIN_SELF = YES;
				CLANG_WARN_OBJC_LITERAL_CONVERSION = YES;
				CLANG_WARN_OBJC_ROOT_CLASS = YES_ERROR;
				CLANG_WARN_QUOTED_INCLUDE_IN_FRAMEWORK_HEADER = YES;
				CLANG_WARN_RANGE_LOOP_ANALYSIS = YES;
				CLANG_WARN_STRICT_PROTOTYPES = YES;
				CLANG_WARN_SUSPICIOUS_MOVE = YES;
				CLANG_WARN_UNGUARDED_AVAILABILITY = YES_AGGRESSIVE;
				CLANG_WARN_UNREACHABLE_CODE = YES;
				CLANG_WARN__DUPLICATE_METHOD_MATCH = YES;
				COPY_PHASE_STRIP = NO;
				DEBUG_INFORMATION_FORMAT = "dwarf-with-dsym";
				ENABLE_NS_ASSERTIONS = NO;
				ENABLE_STRICT_OBJC_MSGSEND = YES;
				GCC_C_LANGUAGE_STANDARD = gnu11;
				GCC_NO_COMMON_BLOCKS = YES;
				GCC_WARN_64_TO_32_BIT_CONVERSION = YES;
				GCC_WARN_ABOUT_RETURN_TYPE = YES_ERROR;
				GCC_WARN_UNDECLARED_SELECTOR = YES;
				GCC_WARN_UNINITIALIZED_AUTOS = YES_AGGRESSIVE;
				GCC_WARN_UNUSED_FUNCTION = YES;
				GCC_WARN_UNUSED_VARIABLE = YES;
				IPHONEOS_DEPLOYMENT_TARGET = 14.5;
				MTL_ENABLE_DEBUG_INFO = NO;
				MTL_FAST_MATH = YES;
				SDKROOT = iphoneos;
				SWIFT_COMPILATION_MODE = wholemodule;
				SWIFT_OPTIMIZATION_LEVEL = "-O";
				VALIDATE_PRODUCT = YES;
			};
			name = Release;
		};
		A3742DF7266791FE00741717 /* Debug */ = {
			isa = XCBuildConfiguration;
			buildSettings = {
				ASSETCATALOG_COMPILER_APPICON_NAME = AppIcon;
				ASSETCATALOG_COMPILER_GLOBAL_ACCENT_COLOR_NAME = AccentColor;
				CODE_SIGN_STYLE = Automatic;
				DEVELOPMENT_ASSET_PATHS = "\"New Apostolic Church/Preview Content\"";
				DEVELOPMENT_TEAM = S5924NLL63;
				ENABLE_PREVIEWS = YES;
				INFOPLIST_FILE = "New Apostolic Church/Info.plist";
				IPHONEOS_DEPLOYMENT_TARGET = 14.0;
				LD_RUNPATH_SEARCH_PATHS = (
					"$(inherited)",
					"@executable_path/Frameworks",
				);
				PRODUCT_BUNDLE_IDENTIFIER = "magnatajuvenal.New-Apostolic-Church";
				PRODUCT_NAME = "$(TARGET_NAME)";
				SWIFT_VERSION = 5.0;
				TARGETED_DEVICE_FAMILY = "1,2";
			};
			name = Debug;
		};
		A3742DF8266791FE00741717 /* Release */ = {
			isa = XCBuildConfiguration;
			buildSettings = {
				ASSETCATALOG_COMPILER_APPICON_NAME = AppIcon;
				ASSETCATALOG_COMPILER_GLOBAL_ACCENT_COLOR_NAME = AccentColor;
				CODE_SIGN_STYLE = Automatic;
				DEVELOPMENT_ASSET_PATHS = "\"New Apostolic Church/Preview Content\"";
				DEVELOPMENT_TEAM = S5924NLL63;
				ENABLE_PREVIEWS = YES;
				INFOPLIST_FILE = "New Apostolic Church/Info.plist";
				IPHONEOS_DEPLOYMENT_TARGET = 14.0;
				LD_RUNPATH_SEARCH_PATHS = (
					"$(inherited)",
					"@executable_path/Frameworks",
				);
				PRODUCT_BUNDLE_IDENTIFIER = "magnatajuvenal.New-Apostolic-Church";
				PRODUCT_NAME = "$(TARGET_NAME)";
				SWIFT_VERSION = 5.0;
				TARGETED_DEVICE_FAMILY = "1,2";
			};
			name = Release;
		};
/* End XCBuildConfiguration section */

/* Begin XCConfigurationList section */
		A3742DE2266791E900741717 /* Build configuration list for PBXProject "New Apostolic Church" */ = {
			isa = XCConfigurationList;
			buildConfigurations = (
				A3742DF4266791FE00741717 /* Debug */,
				A3742DF5266791FE00741717 /* Release */,
			);
			defaultConfigurationIsVisible = 0;
			defaultConfigurationName = Release;
		};
		A3742DF6266791FE00741717 /* Build configuration list for PBXNativeTarget "New Apostolic Church" */ = {
			isa = XCConfigurationList;
			buildConfigurations = (
				A3742DF7266791FE00741717 /* Debug */,
				A3742DF8266791FE00741717 /* Release */,
			);
			defaultConfigurationIsVisible = 0;
			defaultConfigurationName = Release;
		};
/* End XCConfigurationList section */
	};
	rootObject = A3742DDF266791E800741717 /* Project object */;
}
